
Microsoft Visual Studio Solution File, Format Version 12.00
# Visual Studio Version 17
VisualStudioVersion = 17.9.34622.214
MinimumVisualStudioVersion = 10.0.40219.1
Project("{FAE04EC0-301F-11D3-BF4B-00C04F79EFBC}") = "Esercitazione03Aprile", "Esercitazione03Aprile\Esercitazione03Aprile.csproj", "{CDF2370D-AFE5-4D45-8A4A-88302870E4A5}"
EndProject
Global
	GlobalSection(SolutionConfigurationPlatforms) = preSolution
		Debug|Any CPU = Debug|Any CPU
		Release|Any CPU = Release|Any CPU
	EndGlobalSection
	GlobalSection(ProjectConfigurationPlatforms) = postSolution
		{CDF2370D-AFE5-4D45-8A4A-88302870E4A5}.Debug|Any CPU.ActiveCfg = Debug|Any CPU
		{CDF2370D-AFE5-4D45-8A4A-88302870E4A5}.Debug|Any CPU.Build.0 = Debug|Any CPU
		{CDF2370D-AFE5-4D45-8A4A-88302870E4A5}.Release|Any CPU.ActiveCfg = Release|Any CPU
		{CDF2370D-AFE5-4D45-8A4A-88302870E4A5}.Release|Any CPU.Build.0 = Release|Any CPU
	EndGlobalSection
	GlobalSection(SolutionProperties) = preSolution
		HideSolutionNode = FALSE
	EndGlobalSection
	GlobalSection(ExtensibilityGlobals) = postSolution
		SolutionGuid = {45014A61-2E6A-45FF-8509-60A2A3E5AEB4}
	EndGlobalSection
EndGlobal
